
Microsoft Visual Studio Solution File, Format Version 12.00
# Visual Studio 14
VisualStudioVersion = 14.0.25420.1
MinimumVisualStudioVersion = 10.0.40219.1
Project("{FAE04EC0-301F-11D3-BF4B-00C04F79EFBC}") = "MPD.Interviews.WebApplication", "MPD.Interviews.WebApplication\MPD.Interviews.WebApplication.csproj", "{0D34FC69-23BA-4FE1-8C4A-22F6D39C8577}"
EndProject
Project("{FAE04EC0-301F-11D3-BF4B-00C04F79EFBC}") = "MPD.Interviews.Repository", "MPD.Interviews.Repository\MPD.Interviews.Repository.csproj", "{DFE47A7D-679C-412A-A161-6EDD90923CCB}"
EndProject
Project("{FAE04EC0-301F-11D3-BF4B-00C04F79EFBC}") = "MPD.Interviews.Interfaces", "MPD.Interviews.Interfaces\MPD.Interviews.Interfaces.csproj", "{8E92E7E5-4D84-4A29-95FF-E8B1BAB91187}"
EndProject
Project("{FAE04EC0-301F-11D3-BF4B-00C04F79EFBC}") = "MPD.Interviews.Domain", "MPD.Interviews.Domain\MPD.Interviews.Domain.csproj", "{24A10AB5-929D-4896-B453-AF65666209D4}"
EndProject
Project("{FAE04EC0-301F-11D3-BF4B-00C04F79EFBC}") = "MPD.Interviews.Common", "MPD.Interviews.Common\MPD.Interviews.Common.csproj", "{843E621A-D8B0-483D-8BC8-C7C16290C194}"
EndProject
Project("{2150E333-8FDC-42A3-9474-1A3956D46DE8}") = ".nuget", ".nuget", "{3A3158A5-A7A8-45F5-ADF7-BD102F3087A7}"
	ProjectSection(SolutionItems) = preProject
		nuget.config = nuget.config
	EndProjectSection
EndProject
Project("{FAE04EC0-301F-11D3-BF4B-00C04F79EFBC}") = "MPD.Interviews.Tests", "MPD.Interviews.Tests\MPD.Interviews.Tests.csproj", "{DC1F271F-961D-4B20-89B9-2AD1FD0ABDE7}"
EndProject
Global
	GlobalSection(SolutionConfigurationPlatforms) = preSolution
		Debug|Any CPU = Debug|Any CPU
		Release|Any CPU = Release|Any CPU
	EndGlobalSection
	GlobalSection(ProjectConfigurationPlatforms) = postSolution
		{0D34FC69-23BA-4FE1-8C4A-22F6D39C8577}.Debug|Any CPU.ActiveCfg = Debug|Any CPU
		{0D34FC69-23BA-4FE1-8C4A-22F6D39C8577}.Debug|Any CPU.Build.0 = Debug|Any CPU
		{0D34FC69-23BA-4FE1-8C4A-22F6D39C8577}.Release|Any CPU.ActiveCfg = Release|Any CPU
		{0D34FC69-23BA-4FE1-8C4A-22F6D39C8577}.Release|Any CPU.Build.0 = Release|Any CPU
		{DFE47A7D-679C-412A-A161-6EDD90923CCB}.Debug|Any CPU.ActiveCfg = Debug|Any CPU
		{DFE47A7D-679C-412A-A161-6EDD90923CCB}.Debug|Any CPU.Build.0 = Debug|Any CPU
		{DFE47A7D-679C-412A-A161-6EDD90923CCB}.Release|Any CPU.ActiveCfg = Release|Any CPU
		{DFE47A7D-679C-412A-A161-6EDD90923CCB}.Release|Any CPU.Build.0 = Release|Any CPU
		{8E92E7E5-4D84-4A29-95FF-E8B1BAB91187}.Debug|Any CPU.ActiveCfg = Debug|Any CPU
		{8E92E7E5-4D84-4A29-95FF-E8B1BAB91187}.Debug|Any CPU.Build.0 = Debug|Any CPU
		{8E92E7E5-4D84-4A29-95FF-E8B1BAB91187}.Release|Any CPU.ActiveCfg = Release|Any CPU
		{8E92E7E5-4D84-4A29-95FF-E8B1BAB91187}.Release|Any CPU.Build.0 = Release|Any CPU
		{24A10AB5-929D-4896-B453-AF65666209D4}.Debug|Any CPU.ActiveCfg = Debug|Any CPU
		{24A10AB5-929D-4896-B453-AF65666209D4}.Debug|Any CPU.Build.0 = Debug|Any CPU
		{24A10AB5-929D-4896-B453-AF65666209D4}.Release|Any CPU.ActiveCfg = Release|Any CPU
		{24A10AB5-929D-4896-B453-AF65666209D4}.Release|Any CPU.Build.0 = Release|Any CPU
		{843E621A-D8B0-483D-8BC8-C7C16290C194}.Debug|Any CPU.ActiveCfg = Debug|Any CPU
		{843E621A-D8B0-483D-8BC8-C7C16290C194}.Debug|Any CPU.Build.0 = Debug|Any CPU
		{843E621A-D8B0-483D-8BC8-C7C16290C194}.Release|Any CPU.ActiveCfg = Release|Any CPU
		{843E621A-D8B0-483D-8BC8-C7C16290C194}.Release|Any CPU.Build.0 = Release|Any CPU
		{DC1F271F-961D-4B20-89B9-2AD1FD0ABDE7}.Debug|Any CPU.ActiveCfg = Debug|Any CPU
		{DC1F271F-961D-4B20-89B9-2AD1FD0ABDE7}.Debug|Any CPU.Build.0 = Debug|Any CPU
		{DC1F271F-961D-4B20-89B9-2AD1FD0ABDE7}.Release|Any CPU.ActiveCfg = Release|Any CPU
		{DC1F271F-961D-4B20-89B9-2AD1FD0ABDE7}.Release|Any CPU.Build.0 = Release|Any CPU
	EndGlobalSection
	GlobalSection(SolutionProperties) = preSolution
		HideSolutionNode = FALSE
	EndGlobalSection
EndGlobal
